
Microsoft Visual Studio Solution File, Format Version 12.00
# Visual Studio Version 17
VisualStudioVersion = 17.14.36414.22 d17.14
MinimumVisualStudioVersion = 10.0.40219.1
Project("{FAE04EC0-301F-11D3-BF4B-00C04F79EFBC}") = "Calculator", "Calculator\Calculator.csproj", "{B1AD3828-644F-4386-A94D-6BB4FA98F2B4}"
EndProject
Global
	GlobalSection(SolutionConfigurationPlatforms) = preSolution
		Debug|Any CPU = Debug|Any CPU
		Release|Any CPU = Release|Any CPU
	EndGlobalSection
	GlobalSection(ProjectConfigurationPlatforms) = postSolution
		{B1AD3828-644F-4386-A94D-6BB4FA98F2B4}.Debug|Any CPU.ActiveCfg = Debug|Any CPU
		{B1AD3828-644F-4386-A94D-6BB4FA98F2B4}.Debug|Any CPU.Build.0 = Debug|Any CPU
		{B1AD3828-644F-4386-A94D-6BB4FA98F2B4}.Release|Any CPU.ActiveCfg = Release|Any CPU
		{B1AD3828-644F-4386-A94D-6BB4FA98F2B4}.Release|Any CPU.Build.0 = Release|Any CPU
	EndGlobalSection
	GlobalSection(SolutionProperties) = preSolution
		HideSolutionNode = FALSE
	EndGlobalSection
	GlobalSection(ExtensibilityGlobals) = postSolution
		SolutionGuid = {87093EA3-3F00-4A5D-ACB1-5CE1A81117BC}
	EndGlobalSection
EndGlobal
